
Microsoft Visual Studio Solution File, Format Version 12.00
# Visual Studio Version 16
VisualStudioVersion = 16.0.30225.117
MinimumVisualStudioVersion = 10.0.40219.1
Project("{FAE04EC0-301F-11D3-BF4B-00C04F79EFBC}") = "DapiSmartHomeMQTT_BackendServer", "DapiSmartHomeMQTT_BackendServer\DapiSmartHomeMQTT_BackendServer.csproj", "{7AC8276E-BC7D-4B09-8CF3-DF235E94303F}"
EndProject
Global
	GlobalSection(SolutionConfigurationPlatforms) = preSolution
		Debug|Any CPU = Debug|Any CPU
		Release|Any CPU = Release|Any CPU
	EndGlobalSection
	GlobalSection(ProjectConfigurationPlatforms) = postSolution
		{7AC8276E-BC7D-4B09-8CF3-DF235E94303F}.Debug|Any CPU.ActiveCfg = Debug|Any CPU
		{7AC8276E-BC7D-4B09-8CF3-DF235E94303F}.Debug|Any CPU.Build.0 = Debug|Any CPU
		{7AC8276E-BC7D-4B09-8CF3-DF235E94303F}.Release|Any CPU.ActiveCfg = Release|Any CPU
		{7AC8276E-BC7D-4B09-8CF3-DF235E94303F}.Release|Any CPU.Build.0 = Release|Any CPU
	EndGlobalSection
	GlobalSection(SolutionProperties) = preSolution
		HideSolutionNode = FALSE
	EndGlobalSection
	GlobalSection(ExtensibilityGlobals) = postSolution
		SolutionGuid = {50377FB5-CA28-43C1-ABEC-1A70032C1A26}
	EndGlobalSection
EndGlobal
